{
  "name": "learn-data",
  "version": "1.2.1",
  "lockfileVersion": 1,
  "requires": true,
  "dependencies": {
    "pnpm": {
      "version": "8.6.7",
      "resolved": "https://registry.npmjs.org/pnpm/-/pnpm-8.6.7.tgz",
      "integrity": "sha512-vRIWpD/L4phf9Bk2o/O2TDR8fFoJnpYrp2TKqTIZF/qZ2/rgL3qKXzHofHgbXsinwMoSEigz28sqk3pQ+yMEQQ=="
    }
  }
}
